
Microsoft Visual Studio Solution File, Format Version 12.00
# Visual Studio Version 17
VisualStudioVersion = 17.6.33620.401
MinimumVisualStudioVersion = 10.0.40219.1
Project("{888888A0-9F3D-457C-B088-3A5042F75D52}") = "Papyrus", "Papyrus.pyproj", "{AA5195D4-A822-4E4A-B068-20872B08EB34}"
EndProject
Global
	GlobalSection(SolutionConfigurationPlatforms) = preSolution
		Debug|Any CPU = Debug|Any CPU
		Release|Any CPU = Release|Any CPU
	EndGlobalSection
	GlobalSection(ProjectConfigurationPlatforms) = postSolution
		{AA5195D4-A822-4E4A-B068-20872B08EB34}.Debug|Any CPU.ActiveCfg = Debug|Any CPU
		{AA5195D4-A822-4E4A-B068-20872B08EB34}.Debug|Any CPU.Build.0 = Debug|Any CPU
		{AA5195D4-A822-4E4A-B068-20872B08EB34}.Release|Any CPU.ActiveCfg = Release|Any CPU
		{AA5195D4-A822-4E4A-B068-20872B08EB34}.Release|Any CPU.Build.0 = Release|Any CPU
	EndGlobalSection
	GlobalSection(SolutionProperties) = preSolution
		HideSolutionNode = FALSE
	EndGlobalSection
	GlobalSection(ExtensibilityGlobals) = postSolution
		SolutionGuid = {3BBC90B2-C2C1-4C4B-81AD-CC7495FD67A0}
	EndGlobalSection
EndGlobal
